// !$*UTF8*$!
{
	archiveVersion = 1;
	classes = {
	};
	objectVersion = 50;
	objects = {

/* Begin PBXBuildFile section */
		DC0FF1BE2223DFC200FE484B /* AppDelegate.swift in Sources */ = {isa = PBXBuildFile; fileRef = DC0FF1BD2223DFC200FE484B /* AppDelegate.swift */; };
		DC0FF1C02223DFC200FE484B /* ViewController.swift in Sources */ = {isa = PBXBuildFile; fileRef = DC0FF1BF2223DFC200FE484B /* ViewController.swift */; };
		DC0FF1C32223DFC200FE484B /* Main.storyboard in Resources */ = {isa = PBXBuildFile; fileRef = DC0FF1C12223DFC200FE484B /* Main.storyboard */; };
		DC0FF1C52223DFC400FE484B /* Assets.xcassets in Resources */ = {isa = PBXBuildFile; fileRef = DC0FF1C42223DFC400FE484B /* Assets.xcassets */; };
		DC0FF1C82223DFC400FE484B /* LaunchScreen.storyboard in Resources */ = {isa = PBXBuildFile; fileRef = DC0FF1C62223DFC400FE484B /* LaunchScreen.storyboard */; };
		DC0FF1D02223DFFA00FE484B /* JHIndexView.swift in Sources */ = {isa = PBXBuildFile; fileRef = DC0FF1CF2223DFFA00FE484B /* JHIndexView.swift */; };
/* End PBXBuildFile section */

/* Begin PBXFileReference section */
		DC0FF1BA2223DFC200FE484B /* JHIndexView.app */ = {isa = PBXFileReference; explicitFileType = wrapper.application; includeInIndex = 0; path = JHIndexView.app; sourceTree = BUILT_PRODUCTS_DIR; };
		DC0FF1BD2223DFC200FE484B /* AppDelegate.swift */ = {isa = PBXFileReference; lastKnownFileType = sourcecode.swift; path = AppDelegate.swift; sourceTree = "<group>"; };
		DC0FF1BF2223DFC200FE484B /* ViewController.swift */ = {isa = PBXFileReference; lastKnownFileType = sourcecode.swift; path = ViewController.swift; sourceTree = "<group>"; };
		DC0FF1C22223DFC200FE484B /* Base */ = {isa = PBXFileReference; lastKnownFileType = file.storyboard; name = Base; path = Base.lproj/Main.storyboard; sourceTree = "<group>"; };
		DC0FF1C42223DFC400FE484B /* Assets.xcassets */ = {isa = PBXFileReference; lastKnownFileType = folder.assetcatalog; path = Assets.xcassets; sourceTree = "<group>"; };
		DC0FF1C72223DFC400FE484B /* Base */ = {isa = PBXFileReference; lastKnownFileType = file.storyboard; name = Base; path = Base.lproj/LaunchScreen.storyboard; sourceTree = "<group>"; };
		DC0FF1C92223DFC400FE484B /* Info.plist */ = {isa = PBXFileReference; lastKnownFileType = text.plist.xml; path = Info.plist; sourceTree = "<group>"; };
		DC0FF1CF2223DFFA00FE484B /* JHIndexView.swift */ = {isa = PBXFileReference; fileEncoding = 4; lastKnownFileType = sourcecode.swift; path = JHIndexView.swift; sourceTree = "<group>"; };
/* End PBXFileReference section */

/* Begin PBXFrameworksBuildPhase section */
		DC0FF1B72223DFC200FE484B /* Frameworks */ = {
			isa = PBXFrameworksBuildPhase;
			buildActionMask = 2147483647;
			files = (
			);
			runOnlyForDeploymentPostprocessing = 0;
		};
/* End PBXFrameworksBuildPhase section */

/* Begin PBXGroup section */
		DC0FF1B12223DFC200FE484B = {
			isa = PBXGroup;
			children = (
				DC0FF1BC2223DFC200FE484B /* JHIndexView */,
				DC0FF1BB2223DFC200FE484B /* Products */,
			);
			sourceTree = "<group>";
		};
		DC0FF1BB2223DFC200FE484B /* Products */ = {
			isa = PBXGroup;
			children = (
				DC0FF1BA2223DFC200FE484B /* JHIndexView.app */,
			);
			name = Products;
			sourceTree = "<group>";
		};
		DC0FF1BC2223DFC200FE484B /* JHIndexView */ = {
			isa = PBXGroup;
			children = (
				DC0FF1D12223E00E00FE484B /* Class */,
				DC0FF1BD2223DFC200FE484B /* AppDelegate.swift */,
				DC0FF1BF2223DFC200FE484B /* ViewController.swift */,
				DC0FF1C12223DFC200FE484B /* Main.storyboard */,
				DC0FF1C42223DFC400FE484B /* Assets.xcassets */,
				DC0FF1C62223DFC400FE484B /* LaunchScreen.storyboard */,
				DC0FF1C92223DFC400FE484B /* Info.plist */,
			);
			path = JHIndexView;
			sourceTree = "<group>";
		};
		DC0FF1D12223E00E00FE484B /* Class */ = {
			isa = PBXGroup;
			children = (
				DC0FF1CF2223DFFA00FE484B /* JHIndexView.swift */,
			);
			path = Class;
			sourceTree = "<group>";
		};
/* End PBXGroup section */

/* Begin PBXNativeTarget section */
		DC0FF1B92223DFC200FE484B /* JHIndexView */ = {
			isa = PBXNativeTarget;
			buildConfigurationList = DC0FF1CC2223DFC400FE484B /* Build configuration list for PBXNativeTarget "JHIndexView" */;
			buildPhases = (
				DC0FF1B62223DFC200FE484B /* Sources */,
				DC0FF1B72223DFC200FE484B /* Frameworks */,
				DC0FF1B82223DFC200FE484B /* Resources */,
			);
			buildRules = (
			);
			dependencies = (
			);
			name = JHIndexView;
			productName = JHIndexView;
			productReference = DC0FF1BA2223DFC200FE484B /* JHIndexView.app */;
			productType = "com.apple.product-type.application";
		};
/* End PBXNativeTarget section */

/* Begin PBXProject section */
		DC0FF1B22223DFC200FE484B /* Project object */ = {
			isa = PBXProject;
			attributes = {
				LastSwiftUpdateCheck = 1010;
				LastUpgradeCheck = 1010;
				ORGANIZATIONNAME = com.zjh;
				TargetAttributes = {
					DC0FF1B92223DFC200FE484B = {
						CreatedOnToolsVersion = 10.1;
					};
				};
			};
			buildConfigurationList = DC0FF1B52223DFC200FE484B /* Build configuration list for PBXProject "JHIndexView" */;
			compatibilityVersion = "Xcode 9.3";
			developmentRegion = en;
			hasScannedForEncodings = 0;
			knownRegions = (
				en,
				Base,
			);
			mainGroup = DC0FF1B12223DFC200FE484B;
			productRefGroup = DC0FF1BB2223DFC200FE484B /* Products */;
			projectDirPath = "";
			projectRoot = "";
			targets = (
				DC0FF1B92223DFC200FE484B /* JHIndexView */,
			);
		};
/* End PBXProject section */

/* Begin PBXResourcesBuildPhase section */
		DC0FF1B82223DFC200FE484B /* Resources */ = {
			isa = PBXResourcesBuildPhase;
			buildActionMask = 2147483647;
			files = (
				DC0FF1C82223DFC400FE484B /* LaunchScreen.storyboard in Resources */,
				DC0FF1C52223DFC400FE484B /* Assets.xcassets in Resources */,
				DC0FF1C32223DFC200FE484B /* Main.storyboard in Resources */,
			);
			runOnlyForDeploymentPostprocessing = 0;
		};
/* End PBXResourcesBuildPhase section */

/* Begin PBXSourcesBuildPhase section */
		DC0FF1B62223DFC200FE484B /* Sources */ = {
			isa = PBXSourcesBuildPhase;
			buildActionMask = 2147483647;
			files = (
				DC0FF1D02223DFFA00FE484B /* JHIndexView.swift in Sources */,
				DC0FF1C02223DFC200FE484B /* ViewController.swift in Sources */,
				DC0FF1BE2223DFC200FE484B /* AppDelegate.swift in Sources */,
			);
			runOnlyForDeploymentPostprocessing = 0;
		};
/* End PBXSourcesBuildPhase section */

/* Begin PBXVariantGroup section */
		DC0FF1C12223DFC200FE484B /* Main.storyboard */ = {
			isa = PBXVariantGroup;
			children = (
				DC0FF1C22223DFC200FE484B /* Base */,
			);
			name = Main.storyboard;
			sourceTree = "<group>";
		};
		DC0FF1C62223DFC400FE484B /* LaunchScreen.storyboard */ = {
			isa = PBXVariantGroup;
			children = (
				DC0FF1C72223DFC400FE484B /* Base */,
			);
			name = LaunchScreen.storyboard;
			sourceTree = "<group>";
		};
/* End PBXVariantGroup section */

/* Begin XCBuildConfiguration section */
		DC0FF1CA2223DFC400FE484B /* Debug */ = {
			isa = XCBuildConfiguration;
			buildSettings = {
				ALWAYS_SEARCH_USER_PATHS = NO;
				CLANG_ANALYZER_NONNULL = YES;
				CLANG_ANALYZER_NUMBER_OBJECT_CONVERSION = YES_AGGRESSIVE;
				CLANG_CXX_LANGUAGE_STANDARD = "gnu++14";
				CLANG_CXX_LIBRARY = "libc++";
				CLANG_ENABLE_MODULES = YES;
				CLANG_ENABLE_OBJC_ARC = YES;
				CLANG_ENABLE_OBJC_WEAK = YES;
				CLANG_WARN_BLOCK_CAPTURE_AUTORELEASING = YES;
				CLANG_WARN_BOOL_CONVERSION = YES;
				CLANG_WARN_COMMA = YES;
				CLANG_WARN_CONSTANT_CONVERSION = YES;
				CLANG_WARN_DEPRECATED_OBJC_IMPLEMENTATIONS = YES;
				CLANG_WARN_DIRECT_OBJC_ISA_USAGE = YES_ERROR;
				CLANG_WARN_DOCUMENTATION_COMMENTS = YES;
				CLANG_WARN_EMPTY_BODY = YES;
				CLANG_WARN_ENUM_CONVERSION = YES;
				CLANG_WARN_INFINITE_RECURSION = YES;
				CLANG_WARN_INT_CONVERSION = YES;
				CLANG_WARN_NON_LITERAL_NULL_CONVERSION = YES;
				CLANG_WARN_OBJC_IMPLICIT_RETAIN_SELF = YES;
				CLANG_WARN_OBJC_LITERAL_CONVERSION = YES;
				CLANG_WARN_OBJC_ROOT_CLASS = YES_ERROR;
				CLANG_WARN_RANGE_LOOP_ANALYSIS = YES;
				CLANG_WARN_STRICT_PROTOTYPES = YES;
				CLANG_WARN_SUSPICIOUS_MOVE = YES;
				CLANG_WARN_UNGUARDED_AVAILABILITY = YES_AGGRESSIVE;
				CLANG_WARN_UNREACHABLE_CODE = YES;
				CLANG_WARN__DUPLICATE_METHOD_MATCH = YES;
				CODE_SIGN_IDENTITY = "iPhone Developer";
				COPY_PHASE_STRIP = NO;
				DEBUG_INFORMATION_FORMAT = dwarf;
				ENABLE_STRICT_OBJC_MSGSEND = YES;
				ENABLE_TESTABILITY = YES;
				GCC_C_LANGUAGE_STANDARD = gnu11;
				GCC_DYNAMIC_NO_PIC = NO;
				GCC_NO_COMMON_BLOCKS = YES;
				GCC_OPTIMIZATION_LEVEL = 0;
				GCC_PREPROCESSOR_DEFINITIONS = (
					"DEBUG=1",
					"$(inherited)",
				);
				GCC_WARN_64_TO_32_BIT_CONVERSION = YES;
				GCC_WARN_ABOUT_RETURN_TYPE = YES_ERROR;
				GCC_WARN_UNDECLARED_SELECTOR = YES;
				GCC_WARN_UNINITIALIZED_AUTOS = YES_AGGRESSIVE;
				GCC_WARN_UNUSED_FUNCTION = YES;
				GCC_WARN_UNUSED_VARIABLE = YES;
				IPHONEOS_DEPLOYMENT_TARGET = 12.1;
				MTL_ENABLE_DEBUG_INFO = INCLUDE_SOURCE;
				MTL_FAST_MATH = YES;
				ONLY_ACTIVE_ARCH = YES;
				SDKROOT = iphoneos;
				SWIFT_ACTIVE_COMPILATION_CONDITIONS = DEBUG;
				SWIFT_OPTIMIZATION_LEVEL = "-Onone";
			};
			name = Debug;
		};
		DC0FF1CB2223DFC400FE484B /* Release */ = {
			isa = XCBuildConfiguration;
			buildSettings = {
				ALWAYS_SEARCH_USER_PATHS = NO;
				CLANG_ANALYZER_NONNULL = YES;
				CLANG_ANALYZER_NUMBER_OBJECT_CONVERSION = YES_AGGRESSIVE;
				CLANG_CXX_LANGUAGE_STANDARD = "gnu++14";
				CLANG_CXX_LIBRARY = "libc++";
				CLANG_ENABLE_MODULES = YES;
				CLANG_ENABLE_OBJC_ARC = YES;
				CLANG_ENABLE_OBJC_WEAK = YES;
				CLANG_WARN_BLOCK_CAPTURE_AUTORELEASING = YES;
				CLANG_WARN_BOOL_CONVERSION = YES;
				CLANG_WARN_COMMA = YES;
				CLANG_WARN_CONSTANT_CONVERSION = YES;
				CLANG_WARN_DEPRECATED_OBJC_IMPLEMENTATIONS = YES;
				CLANG_WARN_DIRECT_OBJC_ISA_USAGE = YES_ERROR;
				CLANG_WARN_DOCUMENTATION_COMMENTS = YES;
				CLANG_WARN_EMPTY_BODY = YES;
				CLANG_WARN_ENUM_CONVERSION = YES;
				CLANG_WARN_INFINITE_RECURSION = YES;
				CLANG_WARN_INT_CONVERSION = YES;
				CLANG_WARN_NON_LITERAL_NULL_CONVERSION = YES;
				CLANG_WARN_OBJC_IMPLICIT_RETAIN_SELF = YES;
				CLANG_WARN_OBJC_LITERAL_CONVERSION = YES;
				CLANG_WARN_OBJC_ROOT_CLASS = YES_ERROR;
				CLANG_WARN_RANGE_LOOP_ANALYSIS = YES;
				CLANG_WARN_STRICT_PROTOTYPES = YES;
				CLANG_WARN_SUSPICIOUS_MOVE = YES;
				CLANG_WARN_UNGUARDED_AVAILABILITY = YES_AGGRESSIVE;
				CLANG_WARN_UNREACHABLE_CODE = YES;
				CLANG_WARN__DUPLICATE_METHOD_MATCH = YES;
				CODE_SIGN_IDENTITY = "iPhone Developer";
				COPY_PHASE_STRIP = NO;
				DEBUG_INFORMATION_FORMAT = "dwarf-with-dsym";
				ENABLE_NS_ASSERTIONS = NO;
				ENABLE_STRICT_OBJC_MSGSEND = YES;
				GCC_C_LANGUAGE_STANDARD = gnu11;
				GCC_NO_COMMON_BLOCKS = YES;
				GCC_WARN_64_TO_32_BIT_CONVERSION = YES;
				GCC_WARN_ABOUT_RETURN_TYPE = YES_ERROR;
				GCC_WARN_UNDECLARED_SELECTOR = YES;
				GCC_WARN_UNINITIALIZED_AUTOS = YES_AGGRESSIVE;
				GCC_WARN_UNUSED_FUNCTION = YES;
				GCC_WARN_UNUSED_VARIABLE = YES;
				IPHONEOS_DEPLOYMENT_TARGET = 12.1;
				MTL_ENABLE_DEBUG_INFO = NO;
				MTL_FAST_MATH = YES;
				SDKROOT = iphoneos;
				SWIFT_COMPILATION_MODE = wholemodule;
				SWIFT_OPTIMIZATION_LEVEL = "-O";
				VALIDATE_PRODUCT = YES;
			};
			name = Release;
		};
		DC0FF1CD2223DFC400FE484B /* Debug */ = {
			isa = XCBuildConfiguration;
			buildSettings = {
				ASSETCATALOG_COMPILER_APPICON_NAME = AppIcon;
				CODE_SIGN_STYLE = Automatic;
				DEVELOPMENT_TEAM = 8W4L4AS24H;
				INFOPLIST_FILE = JHIndexView/Info.plist;
				LD_RUNPATH_SEARCH_PATHS = (
					"$(inherited)",
					"@executable_path/Frameworks",
				);
				PRODUCT_BUNDLE_IDENTIFIER = ZJH.JHIndexView;
				PRODUCT_NAME = "$(TARGET_NAME)";
				SWIFT_VERSION = 4.2;
				TARGETED_DEVICE_FAMILY = "1,2";
			};
			name = Debug;
		};
		DC0FF1CE2223DFC400FE484B /* Release */ = {
			isa = XCBuildConfiguration;
			buildSettings = {
				ASSETCATALOG_COMPILER_APPICON_NAME = AppIcon;
				CODE_SIGN_STYLE = Automatic;
				DEVELOPMENT_TEAM = 8W4L4AS24H;
				INFOPLIST_FILE = JHIndexView/Info.plist;
				LD_RUNPATH_SEARCH_PATHS = (
					"$(inherited)",
					"@executable_path/Frameworks",
				);
				PRODUCT_BUNDLE_IDENTIFIER = ZJH.JHIndexView;
				PRODUCT_NAME = "$(TARGET_NAME)";
				SWIFT_VERSION = 4.2;
				TARGETED_DEVICE_FAMILY = "1,2";
			};
			name = Release;
		};
/* End XCBuildConfiguration section */

/* Begin XCConfigurationList section */
		DC0FF1B52223DFC200FE484B /* Build configuration list for PBXProject "JHIndexView" */ = {
			isa = XCConfigurationList;
			buildConfigurations = (
				DC0FF1CA2223DFC400FE484B /* Debug */,
				DC0FF1CB2223DFC400FE484B /* Release */,
			);
			defaultConfigurationIsVisible = 0;
			defaultConfigurationName = Release;
		};
		DC0FF1CC2223DFC400FE484B /* Build configuration list for PBXNativeTarget "JHIndexView" */ = {
			isa = XCConfigurationList;
			buildConfigurations = (
				DC0FF1CD2223DFC400FE484B /* Debug */,
				DC0FF1CE2223DFC400FE484B /* Release */,
			);
			defaultConfigurationIsVisible = 0;
			defaultConfigurationName = Release;
		};
/* End XCConfigurationList section */
	};
	rootObject = DC0FF1B22223DFC200FE484B /* Project object */;
}
